
Microsoft Visual Studio Solution File, Format Version 12.00
# Visual Studio 15
VisualStudioVersion = 15.0.27703.2000
MinimumVisualStudioVersion = 10.0.40219.1
Project("{CC5FD16D-436D-48AD-A40C-5A424C6E3E79}") = "AzureCloudService1", "AzureCloudService1\AzureCloudService1.ccproj", "{3ED50B2A-B0CC-4875-8D61-1511492F05C3}"
EndProject
Project("{FAE04EC0-301F-11D3-BF4B-00C04F79EFBC}") = "WebRole1", "WebRole1\WebRole1.csproj", "{3DFF1614-D18E-4969-B7B0-FBDB77CE2B3E}"
EndProject
Global
	GlobalSection(SolutionConfigurationPlatforms) = preSolution
		Debug|Any CPU = Debug|Any CPU
		Release|Any CPU = Release|Any CPU
	EndGlobalSection
	GlobalSection(ProjectConfigurationPlatforms) = postSolution
		{3ED50B2A-B0CC-4875-8D61-1511492F05C3}.Debug|Any CPU.ActiveCfg = Debug|Any CPU
		{3ED50B2A-B0CC-4875-8D61-1511492F05C3}.Debug|Any CPU.Build.0 = Debug|Any CPU
		{3ED50B2A-B0CC-4875-8D61-1511492F05C3}.Release|Any CPU.ActiveCfg = Release|Any CPU
		{3ED50B2A-B0CC-4875-8D61-1511492F05C3}.Release|Any CPU.Build.0 = Release|Any CPU
		{3DFF1614-D18E-4969-B7B0-FBDB77CE2B3E}.Debug|Any CPU.ActiveCfg = Debug|Any CPU
		{3DFF1614-D18E-4969-B7B0-FBDB77CE2B3E}.Debug|Any CPU.Build.0 = Debug|Any CPU
		{3DFF1614-D18E-4969-B7B0-FBDB77CE2B3E}.Release|Any CPU.ActiveCfg = Release|Any CPU
		{3DFF1614-D18E-4969-B7B0-FBDB77CE2B3E}.Release|Any CPU.Build.0 = Release|Any CPU
	EndGlobalSection
	GlobalSection(SolutionProperties) = preSolution
		HideSolutionNode = FALSE
	EndGlobalSection
	GlobalSection(ExtensibilityGlobals) = postSolution
		SolutionGuid = {22B230DE-71A5-4D2D-8A43-DE8ADEBA8BF3}
	EndGlobalSection
EndGlobal
